
Microsoft Visual Studio Solution File, Format Version 12.00
# Visual Studio Version 17
VisualStudioVersion = 17.12.35527.113
MinimumVisualStudioVersion = 10.0.40219.1
Project("{2150E333-8FDC-42A3-9474-1A3956D46DE8}") = "src", "src", "{FA2E652A-9DFC-46FD-88CF-F3368C659CF6}"
EndProject
Project("{9A19103F-16F7-4668-BE54-9A1E7A4F7556}") = "SIPSorcery", "sipsorcery-master\src\SIPSorcery.csproj", "{5FF7BED5-C2DD-484F-8EB3-0EF50F11F2FF}"
EndProject
Project("{9A19103F-16F7-4668-BE54-9A1E7A4F7556}") = "OWA.SignallingServer", "OWA.SignallingServer\OWA.SignallingServer.csproj", "{EBCAD2A2-43DB-4D6B-BE76-934AADC291E7}"
EndProject
Project("{2150E333-8FDC-42A3-9474-1A3956D46DE8}") = "WebRTC", "WebRTC", "{EE7A1761-69C1-45B5-A49C-CFC7B096871C}"
EndProject
Project("{2150E333-8FDC-42A3-9474-1A3956D46DE8}") = "Signalling", "Signalling", "{7C001545-6BE0-4F13-8B9C-7F58E1A7DED8}"
EndProject
Project("{2150E333-8FDC-42A3-9474-1A3956D46DE8}") = "UDP", "UDP", "{97656C0C-42DA-43A7-B8F2-4EBE581194A9}"
EndProject
Project("{9A19103F-16F7-4668-BE54-9A1E7A4F7556}") = "OWA.WebRTCWPFCaller", "OWA.WebRTCWPFCaller\OWA.WebRTCWPFCaller.csproj", "{E163AB3C-62D9-48F0-9E17-4CBAA6748082}"
EndProject
Project("{9A19103F-16F7-4668-BE54-9A1E7A4F7556}") = "OWA.WebRTCWPFRemote", "OWA.WebRTCWPFRemote\OWA.WebRTCWPFRemote.csproj", "{8D7BB81B-A956-4864-A379-8D5BE53D61EE}"
EndProject
Project("{2150E333-8FDC-42A3-9474-1A3956D46DE8}") = "SipSignaling", "SipSignaling", "{02EA681E-C7D8-13C7-8484-4AC65E1B71E8}"
EndProject
Project("{9A19103F-16F7-4668-BE54-9A1E7A4F7556}") = "WebRTCCaller", "WebRTC\Caller\WebRTCCaller\WebRTCCaller.csproj", "{796431A0-842A-43FF-8C9A-077C61D2A5A8}"
EndProject
Project("{9A19103F-16F7-4668-BE54-9A1E7A4F7556}") = "WebRTCLibrary", "WebRTCLibrary\WebRTCLibrary.csproj", "{E30042BC-DC96-48C3-B5D1-C9E25F43F5C7}"
EndProject
Project("{FAE04EC0-301F-11D3-BF4B-00C04F79EFBC}") = "SIPSignalingServer", "SIPSignalingServer\SIPSignalingServer.csproj", "{D1FA1230-22D0-4FC2-907E-A94983F9FCBE}"
EndProject
Global
	GlobalSection(SolutionConfigurationPlatforms) = preSolution
		Debug|Any CPU = Debug|Any CPU
		Release|Any CPU = Release|Any CPU
	EndGlobalSection
	GlobalSection(ProjectConfigurationPlatforms) = postSolution
		{5FF7BED5-C2DD-484F-8EB3-0EF50F11F2FF}.Debug|Any CPU.ActiveCfg = Debug|Any CPU
		{5FF7BED5-C2DD-484F-8EB3-0EF50F11F2FF}.Debug|Any CPU.Build.0 = Debug|Any CPU
		{5FF7BED5-C2DD-484F-8EB3-0EF50F11F2FF}.Release|Any CPU.ActiveCfg = Release|Any CPU
		{5FF7BED5-C2DD-484F-8EB3-0EF50F11F2FF}.Release|Any CPU.Build.0 = Release|Any CPU
		{EBCAD2A2-43DB-4D6B-BE76-934AADC291E7}.Debug|Any CPU.ActiveCfg = Debug|Any CPU
		{EBCAD2A2-43DB-4D6B-BE76-934AADC291E7}.Debug|Any CPU.Build.0 = Debug|Any CPU
		{EBCAD2A2-43DB-4D6B-BE76-934AADC291E7}.Release|Any CPU.ActiveCfg = Release|Any CPU
		{EBCAD2A2-43DB-4D6B-BE76-934AADC291E7}.Release|Any CPU.Build.0 = Release|Any CPU
		{E163AB3C-62D9-48F0-9E17-4CBAA6748082}.Debug|Any CPU.ActiveCfg = Debug|Any CPU
		{E163AB3C-62D9-48F0-9E17-4CBAA6748082}.Debug|Any CPU.Build.0 = Debug|Any CPU
		{E163AB3C-62D9-48F0-9E17-4CBAA6748082}.Release|Any CPU.ActiveCfg = Release|Any CPU
		{E163AB3C-62D9-48F0-9E17-4CBAA6748082}.Release|Any CPU.Build.0 = Release|Any CPU
		{8D7BB81B-A956-4864-A379-8D5BE53D61EE}.Debug|Any CPU.ActiveCfg = Debug|Any CPU
		{8D7BB81B-A956-4864-A379-8D5BE53D61EE}.Debug|Any CPU.Build.0 = Debug|Any CPU
		{8D7BB81B-A956-4864-A379-8D5BE53D61EE}.Release|Any CPU.ActiveCfg = Release|Any CPU
		{8D7BB81B-A956-4864-A379-8D5BE53D61EE}.Release|Any CPU.Build.0 = Release|Any CPU
		{796431A0-842A-43FF-8C9A-077C61D2A5A8}.Debug|Any CPU.ActiveCfg = Debug|Any CPU
		{796431A0-842A-43FF-8C9A-077C61D2A5A8}.Debug|Any CPU.Build.0 = Debug|Any CPU
		{796431A0-842A-43FF-8C9A-077C61D2A5A8}.Release|Any CPU.ActiveCfg = Release|Any CPU
		{796431A0-842A-43FF-8C9A-077C61D2A5A8}.Release|Any CPU.Build.0 = Release|Any CPU
		{E30042BC-DC96-48C3-B5D1-C9E25F43F5C7}.Debug|Any CPU.ActiveCfg = Debug|Any CPU
		{E30042BC-DC96-48C3-B5D1-C9E25F43F5C7}.Debug|Any CPU.Build.0 = Debug|Any CPU
		{E30042BC-DC96-48C3-B5D1-C9E25F43F5C7}.Release|Any CPU.ActiveCfg = Release|Any CPU
		{E30042BC-DC96-48C3-B5D1-C9E25F43F5C7}.Release|Any CPU.Build.0 = Release|Any CPU
		{D1FA1230-22D0-4FC2-907E-A94983F9FCBE}.Debug|Any CPU.ActiveCfg = Debug|Any CPU
		{D1FA1230-22D0-4FC2-907E-A94983F9FCBE}.Debug|Any CPU.Build.0 = Debug|Any CPU
		{D1FA1230-22D0-4FC2-907E-A94983F9FCBE}.Release|Any CPU.ActiveCfg = Release|Any CPU
		{D1FA1230-22D0-4FC2-907E-A94983F9FCBE}.Release|Any CPU.Build.0 = Release|Any CPU
	EndGlobalSection
	GlobalSection(SolutionProperties) = preSolution
		HideSolutionNode = FALSE
	EndGlobalSection
	GlobalSection(NestedProjects) = preSolution
		{EBCAD2A2-43DB-4D6B-BE76-934AADC291E7} = {97656C0C-42DA-43A7-B8F2-4EBE581194A9}
		{EE7A1761-69C1-45B5-A49C-CFC7B096871C} = {FA2E652A-9DFC-46FD-88CF-F3368C659CF6}
		{7C001545-6BE0-4F13-8B9C-7F58E1A7DED8} = {FA2E652A-9DFC-46FD-88CF-F3368C659CF6}
		{97656C0C-42DA-43A7-B8F2-4EBE581194A9} = {7C001545-6BE0-4F13-8B9C-7F58E1A7DED8}
		{E163AB3C-62D9-48F0-9E17-4CBAA6748082} = {EE7A1761-69C1-45B5-A49C-CFC7B096871C}
		{8D7BB81B-A956-4864-A379-8D5BE53D61EE} = {EE7A1761-69C1-45B5-A49C-CFC7B096871C}
		{02EA681E-C7D8-13C7-8484-4AC65E1B71E8} = {FA2E652A-9DFC-46FD-88CF-F3368C659CF6}
	EndGlobalSection
	GlobalSection(ExtensibilityGlobals) = postSolution
		SolutionGuid = {6F706E6A-A7DA-4002-B946-F07B96E46256}
	EndGlobalSection
EndGlobal
