
Microsoft Visual Studio Solution File, Format Version 12.00
# Visual Studio Version 17
VisualStudioVersion = 17.12.35527.113
MinimumVisualStudioVersion = 10.0.40219.1
Project("{FAE04EC0-301F-11D3-BF4B-00C04F79EFBC}") = "OWA.Server", "OWA.Server\OWA.Server.csproj", "{DD2C3298-B08B-45A8-BF9D-092C89545727}"
EndProject
Project("{2150E333-8FDC-42A3-9474-1A3956D46DE8}") = "src", "src", "{FA2E652A-9DFC-46FD-88CF-F3368C659CF6}"
EndProject
Project("{FAE04EC0-301F-11D3-BF4B-00C04F79EFBC}") = "SIPSorcery", "sipsorcery-master\src\SIPSorcery.csproj", "{5FF7BED5-C2DD-484F-8EB3-0EF50F11F2FF}"
EndProject
Project("{FAE04EC0-301F-11D3-BF4B-00C04F79EFBC}") = "OWA.ClientCustomWS", "OWA.ClientCustomWS\OWA.ClientCustomWS.csproj", "{09EB2829-464A-4694-B0C7-2CFD8489767D}"
EndProject
Project("{FAE04EC0-301F-11D3-BF4B-00C04F79EFBC}") = "OWA.ClientSendFile", "OWA.ClientSendFile\OWA.ClientSendFile.csproj", "{949B1265-4ACA-4344-8766-C32106AF072C}"
EndProject
Project("{FAE04EC0-301F-11D3-BF4B-00C04F79EFBC}") = "OWA.ClientWithManyDataChannels", "OWA.ClientWithManyDataChannels\OWA.ClientWithManyDataChannels.csproj", "{CC904F85-608C-494F-AA92-62097EE54C7C}"
EndProject
Project("{FAE04EC0-301F-11D3-BF4B-00C04F79EFBC}") = "OWA.SignallingServer", "OWA.SignallingServer\OWA.SignallingServer.csproj", "{EBCAD2A2-43DB-4D6B-BE76-934AADC291E7}"
EndProject
Project("{FAE04EC0-301F-11D3-BF4B-00C04F79EFBC}") = "OWA.SignallingClient", "OWA.SignallingClient\OWA.SignallingClient.csproj", "{8AD8A1BB-351C-4E29-BBFB-D598B93FDC4E}"
EndProject
Project("{FAE04EC0-301F-11D3-BF4B-00C04F79EFBC}") = "OWA.SignallingServerSignalR", "OWA.SignallingServerSignalR\OWA.SignallingServerSignalR.csproj", "{3F30BABE-8DAB-4911-B1D0-F88ED29AB330}"
EndProject
Project("{FAE04EC0-301F-11D3-BF4B-00C04F79EFBC}") = "OWA.SignallingClientMultiCommunication", "OWA.SignallingClientMultiCommunication\OWA.SignallingClientMultiCommunication.csproj", "{FE23ACDD-685C-4E23-B785-D160376ACDA5}"
EndProject
Project("{FAE04EC0-301F-11D3-BF4B-00C04F79EFBC}") = "OWA.SipUDPClient", "OWA.SipUDPClient\OWA.SipUDPClient.csproj", "{E4A16C4E-1174-433D-B03F-BA51DD25B366}"
EndProject
Project("{FAE04EC0-301F-11D3-BF4B-00C04F79EFBC}") = "OWA.SipTCPClient", "OWA.SipTCPClient\OWA.SipTCPClient.csproj", "{799370D3-7A02-4932-A360-D9F06BC6C25D}"
EndProject
Project("{FAE04EC0-301F-11D3-BF4B-00C04F79EFBC}") = "OWA.SipTCPServer", "OWA.SipTCPServer\OWA.SipTCPServer.csproj", "{7C7763D9-94FC-4491-943D-8FCB416CBCE2}"
EndProject
Project("{FAE04EC0-301F-11D3-BF4B-00C04F79EFBC}") = "OWA.TCPServer", "OWA.TCPServer\OWA.TCPServer.csproj", "{6122B049-FC9F-44DC-9E73-5852BDDA3A3B}"
EndProject
Project("{FAE04EC0-301F-11D3-BF4B-00C04F79EFBC}") = "OWA.TCPClient", "OWA.TCPClient\OWA.TCPClient.csproj", "{C107C347-90C5-4E09-9079-645CE064C421}"
EndProject
Project("{FAE04EC0-301F-11D3-BF4B-00C04F79EFBC}") = "OWA.WebRTCServer", "OWA.WebRTCServer\OWA.WebRTCServer.csproj", "{EBCCF98C-AB92-4119-947D-9451E3DC405A}"
EndProject
Project("{FAE04EC0-301F-11D3-BF4B-00C04F79EFBC}") = "OWA.WebRTCClient", "OWA.WebRTCClient\OWA.WebRTCClient.csproj", "{3386E1D0-9A5A-4940-8849-D0A796A0B968}"
EndProject
Project("{2150E333-8FDC-42A3-9474-1A3956D46DE8}") = "WebRTC", "WebRTC", "{EE7A1761-69C1-45B5-A49C-CFC7B096871C}"
	ProjectSection(SolutionItems) = preProject
		readmeWebRTC.txt = readmeWebRTC.txt
	EndProjectSection
EndProject
Project("{2150E333-8FDC-42A3-9474-1A3956D46DE8}") = "Signalling", "Signalling", "{7C001545-6BE0-4F13-8B9C-7F58E1A7DED8}"
EndProject
Project("{2150E333-8FDC-42A3-9474-1A3956D46DE8}") = "UDP", "UDP", "{97656C0C-42DA-43A7-B8F2-4EBE581194A9}"
	ProjectSection(SolutionItems) = preProject
		readmeSignallingUDP.txt = readmeSignallingUDP.txt
	EndProjectSection
EndProject
Project("{2150E333-8FDC-42A3-9474-1A3956D46DE8}") = "TCP", "TCP", "{7B77307C-0DB0-41F8-B314-A6B272DFCB0D}"
	ProjectSection(SolutionItems) = preProject
		readmeSignallingTCP.txt = readmeSignallingTCP.txt
	EndProjectSection
EndProject
Project("{FAE04EC0-301F-11D3-BF4B-00C04F79EFBC}") = "OWA.WebRTCClientJS", "OWA.WebRTCClientJS\OWA.WebRTCClientJS.csproj", "{A3D2B3E7-1143-4153-BA7A-D9300E8CDD2B}"
EndProject
Global
	GlobalSection(SolutionConfigurationPlatforms) = preSolution
		Debug|Any CPU = Debug|Any CPU
		Release|Any CPU = Release|Any CPU
	EndGlobalSection
	GlobalSection(ProjectConfigurationPlatforms) = postSolution
		{DD2C3298-B08B-45A8-BF9D-092C89545727}.Debug|Any CPU.ActiveCfg = Debug|Any CPU
		{DD2C3298-B08B-45A8-BF9D-092C89545727}.Debug|Any CPU.Build.0 = Debug|Any CPU
		{DD2C3298-B08B-45A8-BF9D-092C89545727}.Release|Any CPU.ActiveCfg = Release|Any CPU
		{DD2C3298-B08B-45A8-BF9D-092C89545727}.Release|Any CPU.Build.0 = Release|Any CPU
		{5FF7BED5-C2DD-484F-8EB3-0EF50F11F2FF}.Debug|Any CPU.ActiveCfg = Debug|Any CPU
		{5FF7BED5-C2DD-484F-8EB3-0EF50F11F2FF}.Debug|Any CPU.Build.0 = Debug|Any CPU
		{5FF7BED5-C2DD-484F-8EB3-0EF50F11F2FF}.Release|Any CPU.ActiveCfg = Release|Any CPU
		{5FF7BED5-C2DD-484F-8EB3-0EF50F11F2FF}.Release|Any CPU.Build.0 = Release|Any CPU
		{09EB2829-464A-4694-B0C7-2CFD8489767D}.Debug|Any CPU.ActiveCfg = Debug|Any CPU
		{09EB2829-464A-4694-B0C7-2CFD8489767D}.Debug|Any CPU.Build.0 = Debug|Any CPU
		{09EB2829-464A-4694-B0C7-2CFD8489767D}.Release|Any CPU.ActiveCfg = Release|Any CPU
		{09EB2829-464A-4694-B0C7-2CFD8489767D}.Release|Any CPU.Build.0 = Release|Any CPU
		{949B1265-4ACA-4344-8766-C32106AF072C}.Debug|Any CPU.ActiveCfg = Debug|Any CPU
		{949B1265-4ACA-4344-8766-C32106AF072C}.Debug|Any CPU.Build.0 = Debug|Any CPU
		{949B1265-4ACA-4344-8766-C32106AF072C}.Release|Any CPU.ActiveCfg = Release|Any CPU
		{949B1265-4ACA-4344-8766-C32106AF072C}.Release|Any CPU.Build.0 = Release|Any CPU
		{CC904F85-608C-494F-AA92-62097EE54C7C}.Debug|Any CPU.ActiveCfg = Debug|Any CPU
		{CC904F85-608C-494F-AA92-62097EE54C7C}.Debug|Any CPU.Build.0 = Debug|Any CPU
		{CC904F85-608C-494F-AA92-62097EE54C7C}.Release|Any CPU.ActiveCfg = Release|Any CPU
		{CC904F85-608C-494F-AA92-62097EE54C7C}.Release|Any CPU.Build.0 = Release|Any CPU
		{EBCAD2A2-43DB-4D6B-BE76-934AADC291E7}.Debug|Any CPU.ActiveCfg = Debug|Any CPU
		{EBCAD2A2-43DB-4D6B-BE76-934AADC291E7}.Debug|Any CPU.Build.0 = Debug|Any CPU
		{EBCAD2A2-43DB-4D6B-BE76-934AADC291E7}.Release|Any CPU.ActiveCfg = Release|Any CPU
		{EBCAD2A2-43DB-4D6B-BE76-934AADC291E7}.Release|Any CPU.Build.0 = Release|Any CPU
		{8AD8A1BB-351C-4E29-BBFB-D598B93FDC4E}.Debug|Any CPU.ActiveCfg = Debug|Any CPU
		{8AD8A1BB-351C-4E29-BBFB-D598B93FDC4E}.Debug|Any CPU.Build.0 = Debug|Any CPU
		{8AD8A1BB-351C-4E29-BBFB-D598B93FDC4E}.Release|Any CPU.ActiveCfg = Release|Any CPU
		{8AD8A1BB-351C-4E29-BBFB-D598B93FDC4E}.Release|Any CPU.Build.0 = Release|Any CPU
		{3F30BABE-8DAB-4911-B1D0-F88ED29AB330}.Debug|Any CPU.ActiveCfg = Debug|Any CPU
		{3F30BABE-8DAB-4911-B1D0-F88ED29AB330}.Debug|Any CPU.Build.0 = Debug|Any CPU
		{3F30BABE-8DAB-4911-B1D0-F88ED29AB330}.Release|Any CPU.ActiveCfg = Release|Any CPU
		{3F30BABE-8DAB-4911-B1D0-F88ED29AB330}.Release|Any CPU.Build.0 = Release|Any CPU
		{FE23ACDD-685C-4E23-B785-D160376ACDA5}.Debug|Any CPU.ActiveCfg = Debug|Any CPU
		{FE23ACDD-685C-4E23-B785-D160376ACDA5}.Debug|Any CPU.Build.0 = Debug|Any CPU
		{FE23ACDD-685C-4E23-B785-D160376ACDA5}.Release|Any CPU.ActiveCfg = Release|Any CPU
		{FE23ACDD-685C-4E23-B785-D160376ACDA5}.Release|Any CPU.Build.0 = Release|Any CPU
		{E4A16C4E-1174-433D-B03F-BA51DD25B366}.Debug|Any CPU.ActiveCfg = Debug|Any CPU
		{E4A16C4E-1174-433D-B03F-BA51DD25B366}.Debug|Any CPU.Build.0 = Debug|Any CPU
		{E4A16C4E-1174-433D-B03F-BA51DD25B366}.Release|Any CPU.ActiveCfg = Release|Any CPU
		{E4A16C4E-1174-433D-B03F-BA51DD25B366}.Release|Any CPU.Build.0 = Release|Any CPU
		{799370D3-7A02-4932-A360-D9F06BC6C25D}.Debug|Any CPU.ActiveCfg = Debug|Any CPU
		{799370D3-7A02-4932-A360-D9F06BC6C25D}.Debug|Any CPU.Build.0 = Debug|Any CPU
		{799370D3-7A02-4932-A360-D9F06BC6C25D}.Release|Any CPU.ActiveCfg = Release|Any CPU
		{799370D3-7A02-4932-A360-D9F06BC6C25D}.Release|Any CPU.Build.0 = Release|Any CPU
		{7C7763D9-94FC-4491-943D-8FCB416CBCE2}.Debug|Any CPU.ActiveCfg = Debug|Any CPU
		{7C7763D9-94FC-4491-943D-8FCB416CBCE2}.Debug|Any CPU.Build.0 = Debug|Any CPU
		{7C7763D9-94FC-4491-943D-8FCB416CBCE2}.Release|Any CPU.ActiveCfg = Release|Any CPU
		{7C7763D9-94FC-4491-943D-8FCB416CBCE2}.Release|Any CPU.Build.0 = Release|Any CPU
		{6122B049-FC9F-44DC-9E73-5852BDDA3A3B}.Debug|Any CPU.ActiveCfg = Debug|Any CPU
		{6122B049-FC9F-44DC-9E73-5852BDDA3A3B}.Debug|Any CPU.Build.0 = Debug|Any CPU
		{6122B049-FC9F-44DC-9E73-5852BDDA3A3B}.Release|Any CPU.ActiveCfg = Release|Any CPU
		{6122B049-FC9F-44DC-9E73-5852BDDA3A3B}.Release|Any CPU.Build.0 = Release|Any CPU
		{C107C347-90C5-4E09-9079-645CE064C421}.Debug|Any CPU.ActiveCfg = Debug|Any CPU
		{C107C347-90C5-4E09-9079-645CE064C421}.Debug|Any CPU.Build.0 = Debug|Any CPU
		{C107C347-90C5-4E09-9079-645CE064C421}.Release|Any CPU.ActiveCfg = Release|Any CPU
		{C107C347-90C5-4E09-9079-645CE064C421}.Release|Any CPU.Build.0 = Release|Any CPU
		{EBCCF98C-AB92-4119-947D-9451E3DC405A}.Debug|Any CPU.ActiveCfg = Debug|Any CPU
		{EBCCF98C-AB92-4119-947D-9451E3DC405A}.Debug|Any CPU.Build.0 = Debug|Any CPU
		{EBCCF98C-AB92-4119-947D-9451E3DC405A}.Release|Any CPU.ActiveCfg = Release|Any CPU
		{EBCCF98C-AB92-4119-947D-9451E3DC405A}.Release|Any CPU.Build.0 = Release|Any CPU
		{3386E1D0-9A5A-4940-8849-D0A796A0B968}.Debug|Any CPU.ActiveCfg = Debug|Any CPU
		{3386E1D0-9A5A-4940-8849-D0A796A0B968}.Debug|Any CPU.Build.0 = Debug|Any CPU
		{3386E1D0-9A5A-4940-8849-D0A796A0B968}.Release|Any CPU.ActiveCfg = Release|Any CPU
		{3386E1D0-9A5A-4940-8849-D0A796A0B968}.Release|Any CPU.Build.0 = Release|Any CPU
		{A3D2B3E7-1143-4153-BA7A-D9300E8CDD2B}.Debug|Any CPU.ActiveCfg = Debug|Any CPU
		{A3D2B3E7-1143-4153-BA7A-D9300E8CDD2B}.Debug|Any CPU.Build.0 = Debug|Any CPU
		{A3D2B3E7-1143-4153-BA7A-D9300E8CDD2B}.Release|Any CPU.ActiveCfg = Release|Any CPU
		{A3D2B3E7-1143-4153-BA7A-D9300E8CDD2B}.Release|Any CPU.Build.0 = Release|Any CPU
	EndGlobalSection
	GlobalSection(SolutionProperties) = preSolution
		HideSolutionNode = FALSE
	EndGlobalSection
	GlobalSection(NestedProjects) = preSolution
		{DD2C3298-B08B-45A8-BF9D-092C89545727} = {FA2E652A-9DFC-46FD-88CF-F3368C659CF6}
		{09EB2829-464A-4694-B0C7-2CFD8489767D} = {FA2E652A-9DFC-46FD-88CF-F3368C659CF6}
		{949B1265-4ACA-4344-8766-C32106AF072C} = {FA2E652A-9DFC-46FD-88CF-F3368C659CF6}
		{CC904F85-608C-494F-AA92-62097EE54C7C} = {EE7A1761-69C1-45B5-A49C-CFC7B096871C}
		{EBCAD2A2-43DB-4D6B-BE76-934AADC291E7} = {97656C0C-42DA-43A7-B8F2-4EBE581194A9}
		{8AD8A1BB-351C-4E29-BBFB-D598B93FDC4E} = {97656C0C-42DA-43A7-B8F2-4EBE581194A9}
		{3F30BABE-8DAB-4911-B1D0-F88ED29AB330} = {FA2E652A-9DFC-46FD-88CF-F3368C659CF6}
		{FE23ACDD-685C-4E23-B785-D160376ACDA5} = {97656C0C-42DA-43A7-B8F2-4EBE581194A9}
		{E4A16C4E-1174-433D-B03F-BA51DD25B366} = {97656C0C-42DA-43A7-B8F2-4EBE581194A9}
		{799370D3-7A02-4932-A360-D9F06BC6C25D} = {7B77307C-0DB0-41F8-B314-A6B272DFCB0D}
		{7C7763D9-94FC-4491-943D-8FCB416CBCE2} = {7B77307C-0DB0-41F8-B314-A6B272DFCB0D}
		{6122B049-FC9F-44DC-9E73-5852BDDA3A3B} = {7B77307C-0DB0-41F8-B314-A6B272DFCB0D}
		{C107C347-90C5-4E09-9079-645CE064C421} = {7B77307C-0DB0-41F8-B314-A6B272DFCB0D}
		{EBCCF98C-AB92-4119-947D-9451E3DC405A} = {EE7A1761-69C1-45B5-A49C-CFC7B096871C}
		{3386E1D0-9A5A-4940-8849-D0A796A0B968} = {EE7A1761-69C1-45B5-A49C-CFC7B096871C}
		{EE7A1761-69C1-45B5-A49C-CFC7B096871C} = {FA2E652A-9DFC-46FD-88CF-F3368C659CF6}
		{7C001545-6BE0-4F13-8B9C-7F58E1A7DED8} = {FA2E652A-9DFC-46FD-88CF-F3368C659CF6}
		{97656C0C-42DA-43A7-B8F2-4EBE581194A9} = {7C001545-6BE0-4F13-8B9C-7F58E1A7DED8}
		{7B77307C-0DB0-41F8-B314-A6B272DFCB0D} = {7C001545-6BE0-4F13-8B9C-7F58E1A7DED8}
		{A3D2B3E7-1143-4153-BA7A-D9300E8CDD2B} = {EE7A1761-69C1-45B5-A49C-CFC7B096871C}
	EndGlobalSection
EndGlobal
