
Microsoft Visual Studio Solution File, Format Version 12.00
# Visual Studio Version 17
VisualStudioVersion = 17.12.35527.113
MinimumVisualStudioVersion = 10.0.40219.1
Project("{2150E333-8FDC-42A3-9474-1A3956D46DE8}") = "src", "src", "{FA2E652A-9DFC-46FD-88CF-F3368C659CF6}"
EndProject
Project("{9A19103F-16F7-4668-BE54-9A1E7A4F7556}") = "WebRTCLibrary", "WebRTCLibrary\WebRTCLibrary.csproj", "{E30042BC-DC96-48C3-B5D1-C9E25F43F5C7}"
EndProject
Project("{9A19103F-16F7-4668-BE54-9A1E7A4F7556}") = "SIPSignalingServerConsole", "SIPSignalingServerConsole\SIPSignalingServerConsole.csproj", "{DCF83545-7C01-437B-A232-1D9023290702}"
EndProject
Project("{FAE04EC0-301F-11D3-BF4B-00C04F79EFBC}") = "SIPSignalingServer", "SIPSignalingServer\SIPSignalingServer.csproj", "{1CBF4E6F-5C88-41A3-A951-941155CCB21E}"
EndProject
Project("{FAE04EC0-301F-11D3-BF4B-00C04F79EFBC}") = "WebRTCRemoteWPF", "WebRTCRemoteWPF\WebRTCRemoteWPF.csproj", "{6F672556-0362-4F6A-9550-CBC32DF13F94}"
EndProject
Project("{FAE04EC0-301F-11D3-BF4B-00C04F79EFBC}") = "Serilog.Sinks.LogList", "Serilog.Sinks.LogList\Serilog.Sinks.LogList.csproj", "{9785FC56-0B37-4AB6-A0BA-9D050E8AD4A9}"
EndProject
Project("{2150E333-8FDC-42A3-9474-1A3956D46DE8}") = "office_src", "office_src", "{A117315C-938F-4385-89DD-45D90676E1F5}"
EndProject
Project("{FAE04EC0-301F-11D3-BF4B-00C04F79EFBC}") = "OutlookAddIn.WebAPI", "OutlookAddIn.WebAPI\OutlookAddIn.WebAPI.csproj", "{5288FEA7-3564-4D2C-A8F5-92ABA9A4E779}"
EndProject
Project("{2150E333-8FDC-42A3-9474-1A3956D46DE8}") = "JS.SipCommunication", "JS.SipCommunication", "{D486A3C3-7006-478B-8300-BD4A26F560CC}"
	ProjectSection(SolutionItems) = preProject
		Outlook-Web-Add-In\JsSipCommunication\dropHtml.html = Outlook-Web-Add-In\JsSipCommunication\dropHtml.html
		Outlook-Web-Add-In\JsSipCommunication\jssip-3.10.0.min.js = Outlook-Web-Add-In\JsSipCommunication\jssip-3.10.0.min.js
	EndProjectSection
EndProject
Project("{FAE04EC0-301F-11D3-BF4B-00C04F79EFBC}") = "WebRTCCallerWPF", "WebRTCCallerWPF\WebRTCCallerWPF.csproj", "{B78986E9-F0A8-07E4-6D8D-693286D6B8D6}"
EndProject
Project("{FAE04EC0-301F-11D3-BF4B-00C04F79EFBC}") = "WebRTCClient", "WebRTCClient\WebRTCClient.csproj", "{4916E3AC-819E-BA8C-B1E3-57F6E5F2CD16}"
EndProject
Project("{FAE04EC0-301F-11D3-BF4B-00C04F79EFBC}") = "SIPSorcery", "..\sipsorcery\src\SIPSorcery.csproj", "{3E2DE4BB-F9AC-9A23-AC61-966D9C8E4288}"
EndProject
Global
	GlobalSection(SolutionConfigurationPlatforms) = preSolution
		Debug|Any CPU = Debug|Any CPU
		Release|Any CPU = Release|Any CPU
	EndGlobalSection
	GlobalSection(ProjectConfigurationPlatforms) = postSolution
		{E30042BC-DC96-48C3-B5D1-C9E25F43F5C7}.Debug|Any CPU.ActiveCfg = Debug|Any CPU
		{E30042BC-DC96-48C3-B5D1-C9E25F43F5C7}.Debug|Any CPU.Build.0 = Debug|Any CPU
		{E30042BC-DC96-48C3-B5D1-C9E25F43F5C7}.Release|Any CPU.ActiveCfg = Release|Any CPU
		{E30042BC-DC96-48C3-B5D1-C9E25F43F5C7}.Release|Any CPU.Build.0 = Release|Any CPU
		{DCF83545-7C01-437B-A232-1D9023290702}.Debug|Any CPU.ActiveCfg = Debug|Any CPU
		{DCF83545-7C01-437B-A232-1D9023290702}.Debug|Any CPU.Build.0 = Debug|Any CPU
		{DCF83545-7C01-437B-A232-1D9023290702}.Release|Any CPU.ActiveCfg = Release|Any CPU
		{DCF83545-7C01-437B-A232-1D9023290702}.Release|Any CPU.Build.0 = Release|Any CPU
		{1CBF4E6F-5C88-41A3-A951-941155CCB21E}.Debug|Any CPU.ActiveCfg = Debug|Any CPU
		{1CBF4E6F-5C88-41A3-A951-941155CCB21E}.Debug|Any CPU.Build.0 = Debug|Any CPU
		{1CBF4E6F-5C88-41A3-A951-941155CCB21E}.Release|Any CPU.ActiveCfg = Release|Any CPU
		{1CBF4E6F-5C88-41A3-A951-941155CCB21E}.Release|Any CPU.Build.0 = Release|Any CPU
		{6F672556-0362-4F6A-9550-CBC32DF13F94}.Debug|Any CPU.ActiveCfg = Debug|Any CPU
		{6F672556-0362-4F6A-9550-CBC32DF13F94}.Debug|Any CPU.Build.0 = Debug|Any CPU
		{6F672556-0362-4F6A-9550-CBC32DF13F94}.Release|Any CPU.ActiveCfg = Release|Any CPU
		{6F672556-0362-4F6A-9550-CBC32DF13F94}.Release|Any CPU.Build.0 = Release|Any CPU
		{9785FC56-0B37-4AB6-A0BA-9D050E8AD4A9}.Debug|Any CPU.ActiveCfg = Debug|Any CPU
		{9785FC56-0B37-4AB6-A0BA-9D050E8AD4A9}.Debug|Any CPU.Build.0 = Debug|Any CPU
		{9785FC56-0B37-4AB6-A0BA-9D050E8AD4A9}.Release|Any CPU.ActiveCfg = Release|Any CPU
		{9785FC56-0B37-4AB6-A0BA-9D050E8AD4A9}.Release|Any CPU.Build.0 = Release|Any CPU
		{5288FEA7-3564-4D2C-A8F5-92ABA9A4E779}.Debug|Any CPU.ActiveCfg = Debug|Any CPU
		{5288FEA7-3564-4D2C-A8F5-92ABA9A4E779}.Debug|Any CPU.Build.0 = Debug|Any CPU
		{5288FEA7-3564-4D2C-A8F5-92ABA9A4E779}.Release|Any CPU.ActiveCfg = Release|Any CPU
		{5288FEA7-3564-4D2C-A8F5-92ABA9A4E779}.Release|Any CPU.Build.0 = Release|Any CPU
		{B78986E9-F0A8-07E4-6D8D-693286D6B8D6}.Debug|Any CPU.ActiveCfg = Debug|Any CPU
		{B78986E9-F0A8-07E4-6D8D-693286D6B8D6}.Debug|Any CPU.Build.0 = Debug|Any CPU
		{B78986E9-F0A8-07E4-6D8D-693286D6B8D6}.Release|Any CPU.ActiveCfg = Release|Any CPU
		{B78986E9-F0A8-07E4-6D8D-693286D6B8D6}.Release|Any CPU.Build.0 = Release|Any CPU
		{4916E3AC-819E-BA8C-B1E3-57F6E5F2CD16}.Debug|Any CPU.ActiveCfg = Debug|Any CPU
		{4916E3AC-819E-BA8C-B1E3-57F6E5F2CD16}.Debug|Any CPU.Build.0 = Debug|Any CPU
		{4916E3AC-819E-BA8C-B1E3-57F6E5F2CD16}.Release|Any CPU.ActiveCfg = Release|Any CPU
		{4916E3AC-819E-BA8C-B1E3-57F6E5F2CD16}.Release|Any CPU.Build.0 = Release|Any CPU
		{3E2DE4BB-F9AC-9A23-AC61-966D9C8E4288}.Debug|Any CPU.ActiveCfg = Debug|Any CPU
		{3E2DE4BB-F9AC-9A23-AC61-966D9C8E4288}.Debug|Any CPU.Build.0 = Debug|Any CPU
		{3E2DE4BB-F9AC-9A23-AC61-966D9C8E4288}.Release|Any CPU.ActiveCfg = Release|Any CPU
		{3E2DE4BB-F9AC-9A23-AC61-966D9C8E4288}.Release|Any CPU.Build.0 = Release|Any CPU
	EndGlobalSection
	GlobalSection(SolutionProperties) = preSolution
		HideSolutionNode = FALSE
	EndGlobalSection
	GlobalSection(NestedProjects) = preSolution
		{5288FEA7-3564-4D2C-A8F5-92ABA9A4E779} = {FA2E652A-9DFC-46FD-88CF-F3368C659CF6}
		{D486A3C3-7006-478B-8300-BD4A26F560CC} = {A117315C-938F-4385-89DD-45D90676E1F5}
	EndGlobalSection
	GlobalSection(ExtensibilityGlobals) = postSolution
		SolutionGuid = {6F706E6A-A7DA-4002-B946-F07B96E46256}
	EndGlobalSection
EndGlobal
