
Microsoft Visual Studio Solution File, Format Version 12.00
# Visual Studio Version 18
VisualStudioVersion = 18.2.11430.68 d18.0
MinimumVisualStudioVersion = 10.0.40219.1
Project("{FAE04EC0-301F-11D3-BF4B-00C04F79EFBC}") = "TestAPI", "TestAPI\TestAPI.csproj", "{F3CD829B-A6EC-449B-94D5-D06C1AB1995E}"
EndProject
Project("{2150E333-8FDC-42A3-9474-1A3956D46DE8}") = "Remote", "Remote", "{02EA681E-C7D8-13C7-8484-4AC65E1B71E8}"
EndProject
Project("{2150E333-8FDC-42A3-9474-1A3956D46DE8}") = "Caller", "Caller", "{1D003E02-714A-4DF3-A889-45DC7FF3C803}"
EndProject
Project("{FAE04EC0-301F-11D3-BF4B-00C04F79EFBC}") = "Caller", "Caller\Caller.csproj", "{9996A1FD-211A-4FFA-8FF7-9DE6807A3516}"
EndProject
Project("{2150E333-8FDC-42A3-9474-1A3956D46DE8}") = "AdvokatDependencies", "AdvokatDependencies", "{4D8FF082-FA05-4957-948A-2462225D6ED5}"
EndProject
Project("{FAE04EC0-301F-11D3-BF4B-00C04F79EFBC}") = "Advokat.Connector.Plugin", "..\..\AdvokatX\PlugIns\AdvokatConnector\Adovkat.Connector.Plugin\Advokat.Connector.Plugin.csproj", "{08CADA3B-DE45-7001-F5A4-245FB66FB7AD}"
EndProject
Project("{2150E333-8FDC-42A3-9474-1A3956D46DE8}") = "AdvokatDependencies", "AdvokatDependencies", "{CDCE2919-CD53-4A43-8F7F-9FADB3985334}"
EndProject
Project("{FAE04EC0-301F-11D3-BF4B-00C04F79EFBC}") = "Advokat.WebRTC.Library", "..\..\AdvokatX\PlugIns\WebRTCRemote\Advokat.WebRTC.Library\Advokat.WebRTC.Library.csproj", "{0A8D9ABD-B247-77E5-D897-0A066494FE22}"
EndProject
Project("{FAE04EC0-301F-11D3-BF4B-00C04F79EFBC}") = "Advokat.WebRTC.Client", "..\..\AdvokatX\PlugIns\WebRTCRemote\Advokat.WebRTC.Client\Advokat.WebRTC.Client.csproj", "{38355E69-0948-1333-CE0D-2C3DBABFABB5}"
EndProject
Project("{FAE04EC0-301F-11D3-BF4B-00C04F79EFBC}") = "Advokat.WebRTC.Plugin", "..\..\AdvokatX\PlugIns\WebRTCRemote\Advokat.WebRTC.Plugin\Advokat.WebRTC.Plugin.csproj", "{FB19EF16-F8BA-C488-C802-2D153C4F9639}"
EndProject
Project("{FAE04EC0-301F-11D3-BF4B-00C04F79EFBC}") = "SIPSorcery", "..\..\sipsorcery.fork\src\SIPSorcery.csproj", "{1BE4A474-0DAA-4473-6FC7-D7332226A0E9}"
EndProject
Project("{2150E333-8FDC-42A3-9474-1A3956D46DE8}") = "SignalingServer", "SignalingServer", "{DBC42DC6-5FD7-4AFD-84CB-333FFD6F6D1C}"
EndProject
Project("{FAE04EC0-301F-11D3-BF4B-00C04F79EFBC}") = "SIPSignalingServer", "..\..\AdvokatX\PlugIns\WebRTCRemote\SIPSignalingServer\SIPSignalingServer.csproj", "{7F8A3E6A-F327-96AE-B73D-E2E8D5807B66}"
EndProject
Project("{FAE04EC0-301F-11D3-BF4B-00C04F79EFBC}") = "SIPSignalingServerConsole", "..\..\AdvokatX\PlugIns\WebRTCRemote\SIPSignalingServerConsole\SIPSignalingServerConsole.csproj", "{6FD79504-0EDB-DC09-0DD9-6CAC901031C5}"
EndProject
Global
	GlobalSection(SolutionConfigurationPlatforms) = preSolution
		Debug|Any CPU = Debug|Any CPU
		Release|Any CPU = Release|Any CPU
	EndGlobalSection
	GlobalSection(ProjectConfigurationPlatforms) = postSolution
		{F3CD829B-A6EC-449B-94D5-D06C1AB1995E}.Debug|Any CPU.ActiveCfg = Debug|Any CPU
		{F3CD829B-A6EC-449B-94D5-D06C1AB1995E}.Debug|Any CPU.Build.0 = Debug|Any CPU
		{F3CD829B-A6EC-449B-94D5-D06C1AB1995E}.Release|Any CPU.ActiveCfg = Release|Any CPU
		{F3CD829B-A6EC-449B-94D5-D06C1AB1995E}.Release|Any CPU.Build.0 = Release|Any CPU
		{9996A1FD-211A-4FFA-8FF7-9DE6807A3516}.Debug|Any CPU.ActiveCfg = Debug|Any CPU
		{9996A1FD-211A-4FFA-8FF7-9DE6807A3516}.Debug|Any CPU.Build.0 = Debug|Any CPU
		{9996A1FD-211A-4FFA-8FF7-9DE6807A3516}.Release|Any CPU.ActiveCfg = Release|Any CPU
		{9996A1FD-211A-4FFA-8FF7-9DE6807A3516}.Release|Any CPU.Build.0 = Release|Any CPU
		{08CADA3B-DE45-7001-F5A4-245FB66FB7AD}.Debug|Any CPU.ActiveCfg = Debug|Any CPU
		{08CADA3B-DE45-7001-F5A4-245FB66FB7AD}.Debug|Any CPU.Build.0 = Debug|Any CPU
		{08CADA3B-DE45-7001-F5A4-245FB66FB7AD}.Release|Any CPU.ActiveCfg = Release|Any CPU
		{08CADA3B-DE45-7001-F5A4-245FB66FB7AD}.Release|Any CPU.Build.0 = Release|Any CPU
		{0A8D9ABD-B247-77E5-D897-0A066494FE22}.Debug|Any CPU.ActiveCfg = Debug|Any CPU
		{0A8D9ABD-B247-77E5-D897-0A066494FE22}.Debug|Any CPU.Build.0 = Debug|Any CPU
		{0A8D9ABD-B247-77E5-D897-0A066494FE22}.Release|Any CPU.ActiveCfg = Release|Any CPU
		{0A8D9ABD-B247-77E5-D897-0A066494FE22}.Release|Any CPU.Build.0 = Release|Any CPU
		{38355E69-0948-1333-CE0D-2C3DBABFABB5}.Debug|Any CPU.ActiveCfg = Debug|Any CPU
		{38355E69-0948-1333-CE0D-2C3DBABFABB5}.Debug|Any CPU.Build.0 = Debug|Any CPU
		{38355E69-0948-1333-CE0D-2C3DBABFABB5}.Release|Any CPU.ActiveCfg = Release|Any CPU
		{38355E69-0948-1333-CE0D-2C3DBABFABB5}.Release|Any CPU.Build.0 = Release|Any CPU
		{FB19EF16-F8BA-C488-C802-2D153C4F9639}.Debug|Any CPU.ActiveCfg = Debug|Any CPU
		{FB19EF16-F8BA-C488-C802-2D153C4F9639}.Debug|Any CPU.Build.0 = Debug|Any CPU
		{FB19EF16-F8BA-C488-C802-2D153C4F9639}.Release|Any CPU.ActiveCfg = Release|Any CPU
		{FB19EF16-F8BA-C488-C802-2D153C4F9639}.Release|Any CPU.Build.0 = Release|Any CPU
		{1BE4A474-0DAA-4473-6FC7-D7332226A0E9}.Debug|Any CPU.ActiveCfg = Debug|Any CPU
		{1BE4A474-0DAA-4473-6FC7-D7332226A0E9}.Debug|Any CPU.Build.0 = Debug|Any CPU
		{1BE4A474-0DAA-4473-6FC7-D7332226A0E9}.Release|Any CPU.ActiveCfg = Release|Any CPU
		{1BE4A474-0DAA-4473-6FC7-D7332226A0E9}.Release|Any CPU.Build.0 = Release|Any CPU
		{7F8A3E6A-F327-96AE-B73D-E2E8D5807B66}.Debug|Any CPU.ActiveCfg = Debug|Any CPU
		{7F8A3E6A-F327-96AE-B73D-E2E8D5807B66}.Debug|Any CPU.Build.0 = Debug|Any CPU
		{7F8A3E6A-F327-96AE-B73D-E2E8D5807B66}.Release|Any CPU.ActiveCfg = Release|Any CPU
		{7F8A3E6A-F327-96AE-B73D-E2E8D5807B66}.Release|Any CPU.Build.0 = Release|Any CPU
		{6FD79504-0EDB-DC09-0DD9-6CAC901031C5}.Debug|Any CPU.ActiveCfg = Debug|Any CPU
		{6FD79504-0EDB-DC09-0DD9-6CAC901031C5}.Debug|Any CPU.Build.0 = Debug|Any CPU
		{6FD79504-0EDB-DC09-0DD9-6CAC901031C5}.Release|Any CPU.ActiveCfg = Release|Any CPU
		{6FD79504-0EDB-DC09-0DD9-6CAC901031C5}.Release|Any CPU.Build.0 = Release|Any CPU
	EndGlobalSection
	GlobalSection(SolutionProperties) = preSolution
		HideSolutionNode = FALSE
	EndGlobalSection
	GlobalSection(NestedProjects) = preSolution
		{F3CD829B-A6EC-449B-94D5-D06C1AB1995E} = {02EA681E-C7D8-13C7-8484-4AC65E1B71E8}
		{9996A1FD-211A-4FFA-8FF7-9DE6807A3516} = {1D003E02-714A-4DF3-A889-45DC7FF3C803}
		{4D8FF082-FA05-4957-948A-2462225D6ED5} = {02EA681E-C7D8-13C7-8484-4AC65E1B71E8}
		{08CADA3B-DE45-7001-F5A4-245FB66FB7AD} = {4D8FF082-FA05-4957-948A-2462225D6ED5}
		{0A8D9ABD-B247-77E5-D897-0A066494FE22} = {CDCE2919-CD53-4A43-8F7F-9FADB3985334}
		{38355E69-0948-1333-CE0D-2C3DBABFABB5} = {CDCE2919-CD53-4A43-8F7F-9FADB3985334}
		{FB19EF16-F8BA-C488-C802-2D153C4F9639} = {4D8FF082-FA05-4957-948A-2462225D6ED5}
		{7F8A3E6A-F327-96AE-B73D-E2E8D5807B66} = {DBC42DC6-5FD7-4AFD-84CB-333FFD6F6D1C}
		{6FD79504-0EDB-DC09-0DD9-6CAC901031C5} = {DBC42DC6-5FD7-4AFD-84CB-333FFD6F6D1C}
	EndGlobalSection
	GlobalSection(ExtensibilityGlobals) = postSolution
		SolutionGuid = {69E08E6A-0527-4861-AA26-8BD5CC45A4CA}
	EndGlobalSection
EndGlobal
